
Microsoft Visual Studio Solution File, Format Version 12.00
# Visual Studio 15
VisualStudioVersion = 15.0.27004.2006
MinimumVisualStudioVersion = 10.0.40219.1
Project("{FAE04EC0-301F-11D3-BF4B-00C04F79EFBC}") = "Task1", "Task1\Task1.csproj", "{6F2D65ED-FE1B-4FB1-8184-32EE2E9FC66D}"
EndProject
Global
	GlobalSection(SolutionConfigurationPlatforms) = preSolution
		Debug|Any CPU = Debug|Any CPU
		Release|Any CPU = Release|Any CPU
	EndGlobalSection
	GlobalSection(ProjectConfigurationPlatforms) = postSolution
		{6F2D65ED-FE1B-4FB1-8184-32EE2E9FC66D}.Debug|Any CPU.ActiveCfg = Debug|Any CPU
		{6F2D65ED-FE1B-4FB1-8184-32EE2E9FC66D}.Debug|Any CPU.Build.0 = Debug|Any CPU
		{6F2D65ED-FE1B-4FB1-8184-32EE2E9FC66D}.Release|Any CPU.ActiveCfg = Release|Any CPU
		{6F2D65ED-FE1B-4FB1-8184-32EE2E9FC66D}.Release|Any CPU.Build.0 = Release|Any CPU
	EndGlobalSection
	GlobalSection(SolutionProperties) = preSolution
		HideSolutionNode = FALSE
	EndGlobalSection
	GlobalSection(ExtensibilityGlobals) = postSolution
		SolutionGuid = {1F1E5262-83DE-40EC-A7B5-47AC14220FB7}
	EndGlobalSection
EndGlobal
